
Microsoft Visual Studio Solution File, Format Version 12.00
# Visual Studio Version 16
VisualStudioVersion = 25.0.1706.8
MinimumVisualStudioVersion = 10.0.40219.1
Project("{FAE04EC0-301F-11D3-BF4B-00C04F79EFBC}") = "MyFirstApp", "MyFirstApp\MyFirstApp.csproj", "{C6C6D295-266C-435E-953E-1645F2038081}"
EndProject
Global
	GlobalSection(SolutionConfigurationPlatforms) = preSolution
		Debug|Any CPU = Debug|Any CPU
		Release|Any CPU = Release|Any CPU
	EndGlobalSection
	GlobalSection(ProjectConfigurationPlatforms) = postSolution
		{C6C6D295-266C-435E-953E-1645F2038081}.Debug|Any CPU.ActiveCfg = Debug|Any CPU
		{C6C6D295-266C-435E-953E-1645F2038081}.Debug|Any CPU.Build.0 = Debug|Any CPU
		{C6C6D295-266C-435E-953E-1645F2038081}.Release|Any CPU.ActiveCfg = Release|Any CPU
		{C6C6D295-266C-435E-953E-1645F2038081}.Release|Any CPU.Build.0 = Release|Any CPU
	EndGlobalSection
	GlobalSection(SolutionProperties) = preSolution
		HideSolutionNode = FALSE
	EndGlobalSection
	GlobalSection(ExtensibilityGlobals) = postSolution
		SolutionGuid = {AEE4A631-123E-4CA6-AD0F-3290212EB2EE}
	EndGlobalSection
EndGlobal
